// !$*UTF8*$!
{
	archiveVersion = 1;
	classes = {
	};
	objectVersion = 56;
	objects = {

/* Begin PBXBuildFile section */
		4A0864C82C7BDCBC00AF0902 /* Budget_AppApp.swift in Sources */ = {isa = PBXBuildFile; fileRef = 4A0864C72C7BDCBC00AF0902 /* Budget_AppApp.swift */; };
		4A0864CC2C7BDCBD00AF0902 /* Assets.xcassets in Resources */ = {isa = PBXBuildFile; fileRef = 4A0864CB2C7BDCBD00AF0902 /* Assets.xcassets */; };
		4A0864CF2C7BDCBD00AF0902 /* Preview Assets.xcassets in Resources */ = {isa = PBXBuildFile; fileRef = 4A0864CE2C7BDCBD00AF0902 /* Preview Assets.xcassets */; };
		4A1385E12C93C7CB00FBEC83 /* TagsSeeder.swift in Sources */ = {isa = PBXBuildFile; fileRef = 4A1385E02C93C7CB00FBEC83 /* TagsSeeder.swift */; };
		4A1385E32C93CBA100FBEC83 /* TagsView.swift in Sources */ = {isa = PBXBuildFile; fileRef = 4A1385E22C93CBA100FBEC83 /* TagsView.swift */; };
		4A37B00D2C945C9E0090C0A7 /* FilterScreen.swift in Sources */ = {isa = PBXBuildFile; fileRef = 4A37B00C2C945C9E0090C0A7 /* FilterScreen.swift */; };
		4A6F6C432C9283DB0060807E /* BudgetDetailScreen.swift in Sources */ = {isa = PBXBuildFile; fileRef = 4A6F6C422C9283DB0060807E /* BudgetDetailScreen.swift */; };
		4A6F6C452C9294250060807E /* Locale+Extension.swift in Sources */ = {isa = PBXBuildFile; fileRef = 4A6F6C442C9294250060807E /* Locale+Extension.swift */; };
		4A6F6C472C9297BA0060807E /* ExpenseCellView.swift in Sources */ = {isa = PBXBuildFile; fileRef = 4A6F6C462C9297BA0060807E /* ExpenseCellView.swift */; };
		4AACC3BA2C92250B0036700A /* CoreDataProvider.swift in Sources */ = {isa = PBXBuildFile; fileRef = 4AACC3B92C92250B0036700A /* CoreDataProvider.swift */; };
		4AACC3BD2C92282D0036700A /* BudgetAppModel.xcdatamodeld in Sources */ = {isa = PBXBuildFile; fileRef = 4AACC3BB2C92282D0036700A /* BudgetAppModel.xcdatamodeld */; };
		4AACC3C02C922A350036700A /* BudgetListScreen.swift in Sources */ = {isa = PBXBuildFile; fileRef = 4AACC3BF2C922A350036700A /* BudgetListScreen.swift */; };
		4AACC3C22C922B6F0036700A /* AddBudgetScreen.swift in Sources */ = {isa = PBXBuildFile; fileRef = 4AACC3C12C922B6F0036700A /* AddBudgetScreen.swift */; };
		4AACC3C52C922DF00036700A /* String+Extension.swift in Sources */ = {isa = PBXBuildFile; fileRef = 4AACC3C42C922DF00036700A /* String+Extension.swift */; };
		4AACC3C72C9238650036700A /* Budget+Extension.swift in Sources */ = {isa = PBXBuildFile; fileRef = 4AACC3C62C9238650036700A /* Budget+Extension.swift */; };
		4AACC3CA2C9241D40036700A /* BudgetCellView.swift in Sources */ = {isa = PBXBuildFile; fileRef = 4AACC3C92C9241D40036700A /* BudgetCellView.swift */; };
/* End PBXBuildFile section */

/* Begin PBXFileReference section */
		4A0864C42C7BDCBC00AF0902 /* Budget App.app */ = {isa = PBXFileReference; explicitFileType = wrapper.application; includeInIndex = 0; path = "Budget App.app"; sourceTree = BUILT_PRODUCTS_DIR; };
		4A0864C72C7BDCBC00AF0902 /* Budget_AppApp.swift */ = {isa = PBXFileReference; lastKnownFileType = sourcecode.swift; path = Budget_AppApp.swift; sourceTree = "<group>"; };
		4A0864CB2C7BDCBD00AF0902 /* Assets.xcassets */ = {isa = PBXFileReference; lastKnownFileType = folder.assetcatalog; path = Assets.xcassets; sourceTree = "<group>"; };
		4A0864CE2C7BDCBD00AF0902 /* Preview Assets.xcassets */ = {isa = PBXFileReference; lastKnownFileType = folder.assetcatalog; path = "Preview Assets.xcassets"; sourceTree = "<group>"; };
		4A1385E02C93C7CB00FBEC83 /* TagsSeeder.swift */ = {isa = PBXFileReference; lastKnownFileType = sourcecode.swift; path = TagsSeeder.swift; sourceTree = "<group>"; };
		4A1385E22C93CBA100FBEC83 /* TagsView.swift */ = {isa = PBXFileReference; lastKnownFileType = sourcecode.swift; path = TagsView.swift; sourceTree = "<group>"; };
		4A37B00C2C945C9E0090C0A7 /* FilterScreen.swift */ = {isa = PBXFileReference; lastKnownFileType = sourcecode.swift; path = FilterScreen.swift; sourceTree = "<group>"; };
		4A6F6C422C9283DB0060807E /* BudgetDetailScreen.swift */ = {isa = PBXFileReference; lastKnownFileType = sourcecode.swift; path = BudgetDetailScreen.swift; sourceTree = "<group>"; };
		4A6F6C442C9294250060807E /* Locale+Extension.swift */ = {isa = PBXFileReference; lastKnownFileType = sourcecode.swift; path = "Locale+Extension.swift"; sourceTree = "<group>"; };
		4A6F6C462C9297BA0060807E /* ExpenseCellView.swift */ = {isa = PBXFileReference; lastKnownFileType = sourcecode.swift; path = ExpenseCellView.swift; sourceTree = "<group>"; };
		4AACC3B92C92250B0036700A /* CoreDataProvider.swift */ = {isa = PBXFileReference; lastKnownFileType = sourcecode.swift; path = CoreDataProvider.swift; sourceTree = "<group>"; };
		4AACC3BC2C92282D0036700A /* BudgetAppModel.xcdatamodel */ = {isa = PBXFileReference; lastKnownFileType = wrapper.xcdatamodel; path = BudgetAppModel.xcdatamodel; sourceTree = "<group>"; };
		4AACC3BF2C922A350036700A /* BudgetListScreen.swift */ = {isa = PBXFileReference; lastKnownFileType = sourcecode.swift; path = BudgetListScreen.swift; sourceTree = "<group>"; };
		4AACC3C12C922B6F0036700A /* AddBudgetScreen.swift */ = {isa = PBXFileReference; lastKnownFileType = sourcecode.swift; path = AddBudgetScreen.swift; sourceTree = "<group>"; };
		4AACC3C42C922DF00036700A /* String+Extension.swift */ = {isa = PBXFileReference; lastKnownFileType = sourcecode.swift; path = "String+Extension.swift"; sourceTree = "<group>"; };
		4AACC3C62C9238650036700A /* Budget+Extension.swift */ = {isa = PBXFileReference; lastKnownFileType = sourcecode.swift; path = "Budget+Extension.swift"; sourceTree = "<group>"; };
		4AACC3C92C9241D40036700A /* BudgetCellView.swift */ = {isa = PBXFileReference; lastKnownFileType = sourcecode.swift; path = BudgetCellView.swift; sourceTree = "<group>"; };
/* End PBXFileReference section */

/* Begin PBXFrameworksBuildPhase section */
		4A0864C12C7BDCBC00AF0902 /* Frameworks */ = {
			isa = PBXFrameworksBuildPhase;
			buildActionMask = 2147483647;
			files = (
			);
			runOnlyForDeploymentPostprocessing = 0;
		};
/* End PBXFrameworksBuildPhase section */

/* Begin PBXGroup section */
		4A0864BB2C7BDCBC00AF0902 = {
			isa = PBXGroup;
			children = (
				4A0864C62C7BDCBC00AF0902 /* Budget App */,
				4A0864C52C7BDCBC00AF0902 /* Products */,
			);
			sourceTree = "<group>";
		};
		4A0864C52C7BDCBC00AF0902 /* Products */ = {
			isa = PBXGroup;
			children = (
				4A0864C42C7BDCBC00AF0902 /* Budget App.app */,
			);
			name = Products;
			sourceTree = "<group>";
		};
		4A0864C62C7BDCBC00AF0902 /* Budget App */ = {
			isa = PBXGroup;
			children = (
				4A1385DF2C93C7AE00FBEC83 /* Seeders */,
				4AACC3C82C9241C00036700A /* View */,
				4AACC3C32C922DDA0036700A /* Extension */,
				4AACC3BE2C922A160036700A /* Screens */,
				4AACC3B82C9224F20036700A /* Providers */,
				4A0864C72C7BDCBC00AF0902 /* Budget_AppApp.swift */,
				4A0864CB2C7BDCBD00AF0902 /* Assets.xcassets */,
				4A0864CD2C7BDCBD00AF0902 /* Preview Content */,
				4AACC3BB2C92282D0036700A /* BudgetAppModel.xcdatamodeld */,
			);
			path = "Budget App";
			sourceTree = "<group>";
		};
		4A0864CD2C7BDCBD00AF0902 /* Preview Content */ = {
			isa = PBXGroup;
			children = (
				4A0864CE2C7BDCBD00AF0902 /* Preview Assets.xcassets */,
			);
			path = "Preview Content";
			sourceTree = "<group>";
		};
		4A1385DF2C93C7AE00FBEC83 /* Seeders */ = {
			isa = PBXGroup;
			children = (
				4A1385E02C93C7CB00FBEC83 /* TagsSeeder.swift */,
			);
			path = Seeders;
			sourceTree = "<group>";
		};
		4AACC3B82C9224F20036700A /* Providers */ = {
			isa = PBXGroup;
			children = (
				4AACC3B92C92250B0036700A /* CoreDataProvider.swift */,
			);
			path = Providers;
			sourceTree = "<group>";
		};
		4AACC3BE2C922A160036700A /* Screens */ = {
			isa = PBXGroup;
			children = (
				4AACC3BF2C922A350036700A /* BudgetListScreen.swift */,
				4AACC3C12C922B6F0036700A /* AddBudgetScreen.swift */,
				4A6F6C422C9283DB0060807E /* BudgetDetailScreen.swift */,
				4A37B00C2C945C9E0090C0A7 /* FilterScreen.swift */,
			);
			path = Screens;
			sourceTree = "<group>";
		};
		4AACC3C32C922DDA0036700A /* Extension */ = {
			isa = PBXGroup;
			children = (
				4AACC3C42C922DF00036700A /* String+Extension.swift */,
				4AACC3C62C9238650036700A /* Budget+Extension.swift */,
				4A6F6C442C9294250060807E /* Locale+Extension.swift */,
			);
			path = Extension;
			sourceTree = "<group>";
		};
		4AACC3C82C9241C00036700A /* View */ = {
			isa = PBXGroup;
			children = (
				4AACC3C92C9241D40036700A /* BudgetCellView.swift */,
				4A6F6C462C9297BA0060807E /* ExpenseCellView.swift */,
				4A1385E22C93CBA100FBEC83 /* TagsView.swift */,
			);
			path = View;
			sourceTree = "<group>";
		};
/* End PBXGroup section */

/* Begin PBXNativeTarget section */
		4A0864C32C7BDCBC00AF0902 /* Budget App */ = {
			isa = PBXNativeTarget;
			buildConfigurationList = 4A0864D22C7BDCBD00AF0902 /* Build configuration list for PBXNativeTarget "Budget App" */;
			buildPhases = (
				4A0864C02C7BDCBC00AF0902 /* Sources */,
				4A0864C12C7BDCBC00AF0902 /* Frameworks */,
				4A0864C22C7BDCBC00AF0902 /* Resources */,
			);
			buildRules = (
			);
			dependencies = (
			);
			name = "Budget App";
			productName = "Budget App";
			productReference = 4A0864C42C7BDCBC00AF0902 /* Budget App.app */;
			productType = "com.apple.product-type.application";
		};
/* End PBXNativeTarget section */

/* Begin PBXProject section */
		4A0864BC2C7BDCBC00AF0902 /* Project object */ = {
			isa = PBXProject;
			attributes = {
				BuildIndependentTargetsInParallel = 1;
				LastSwiftUpdateCheck = 1540;
				LastUpgradeCheck = 1540;
				TargetAttributes = {
					4A0864C32C7BDCBC00AF0902 = {
						CreatedOnToolsVersion = 15.4;
					};
				};
			};
			buildConfigurationList = 4A0864BF2C7BDCBC00AF0902 /* Build configuration list for PBXProject "Budget App" */;
			compatibilityVersion = "Xcode 14.0";
			developmentRegion = en;
			hasScannedForEncodings = 0;
			knownRegions = (
				en,
				Base,
			);
			mainGroup = 4A0864BB2C7BDCBC00AF0902;
			productRefGroup = 4A0864C52C7BDCBC00AF0902 /* Products */;
			projectDirPath = "";
			projectRoot = "";
			targets = (
				4A0864C32C7BDCBC00AF0902 /* Budget App */,
			);
		};
/* End PBXProject section */

/* Begin PBXResourcesBuildPhase section */
		4A0864C22C7BDCBC00AF0902 /* Resources */ = {
			isa = PBXResourcesBuildPhase;
			buildActionMask = 2147483647;
			files = (
				4A0864CF2C7BDCBD00AF0902 /* Preview Assets.xcassets in Resources */,
				4A0864CC2C7BDCBD00AF0902 /* Assets.xcassets in Resources */,
			);
			runOnlyForDeploymentPostprocessing = 0;
		};
/* End PBXResourcesBuildPhase section */

/* Begin PBXSourcesBuildPhase section */
		4A0864C02C7BDCBC00AF0902 /* Sources */ = {
			isa = PBXSourcesBuildPhase;
			buildActionMask = 2147483647;
			files = (
				4AACC3C22C922B6F0036700A /* AddBudgetScreen.swift in Sources */,
				4A6F6C472C9297BA0060807E /* ExpenseCellView.swift in Sources */,
				4AACC3C52C922DF00036700A /* String+Extension.swift in Sources */,
				4AACC3C02C922A350036700A /* BudgetListScreen.swift in Sources */,
				4AACC3BD2C92282D0036700A /* BudgetAppModel.xcdatamodeld in Sources */,
				4A1385E32C93CBA100FBEC83 /* TagsView.swift in Sources */,
				4A0864C82C7BDCBC00AF0902 /* Budget_AppApp.swift in Sources */,
				4A1385E12C93C7CB00FBEC83 /* TagsSeeder.swift in Sources */,
				4A6F6C432C9283DB0060807E /* BudgetDetailScreen.swift in Sources */,
				4A37B00D2C945C9E0090C0A7 /* FilterScreen.swift in Sources */,
				4AACC3CA2C9241D40036700A /* BudgetCellView.swift in Sources */,
				4A6F6C452C9294250060807E /* Locale+Extension.swift in Sources */,
				4AACC3C72C9238650036700A /* Budget+Extension.swift in Sources */,
				4AACC3BA2C92250B0036700A /* CoreDataProvider.swift in Sources */,
			);
			runOnlyForDeploymentPostprocessing = 0;
		};
/* End PBXSourcesBuildPhase section */

/* Begin XCBuildConfiguration section */
		4A0864D02C7BDCBD00AF0902 /* Debug */ = {
			isa = XCBuildConfiguration;
			buildSettings = {
				ALWAYS_SEARCH_USER_PATHS = NO;
				ASSETCATALOG_COMPILER_GENERATE_SWIFT_ASSET_SYMBOL_EXTENSIONS = YES;
				CLANG_ANALYZER_NONNULL = YES;
				CLANG_ANALYZER_NUMBER_OBJECT_CONVERSION = YES_AGGRESSIVE;
				CLANG_CXX_LANGUAGE_STANDARD = "gnu++20";
				CLANG_ENABLE_MODULES = YES;
				CLANG_ENABLE_OBJC_ARC = YES;
				CLANG_ENABLE_OBJC_WEAK = YES;
				CLANG_WARN_BLOCK_CAPTURE_AUTORELEASING = YES;
				CLANG_WARN_BOOL_CONVERSION = YES;
				CLANG_WARN_COMMA = YES;
				CLANG_WARN_CONSTANT_CONVERSION = YES;
				CLANG_WARN_DEPRECATED_OBJC_IMPLEMENTATIONS = YES;
				CLANG_WARN_DIRECT_OBJC_ISA_USAGE = YES_ERROR;
				CLANG_WARN_DOCUMENTATION_COMMENTS = YES;
				CLANG_WARN_EMPTY_BODY = YES;
				CLANG_WARN_ENUM_CONVERSION = YES;
				CLANG_WARN_INFINITE_RECURSION = YES;
				CLANG_WARN_INT_CONVERSION = YES;
				CLANG_WARN_NON_LITERAL_NULL_CONVERSION = YES;
				CLANG_WARN_OBJC_IMPLICIT_RETAIN_SELF = YES;
				CLANG_WARN_OBJC_LITERAL_CONVERSION = YES;
				CLANG_WARN_OBJC_ROOT_CLASS = YES_ERROR;
				CLANG_WARN_QUOTED_INCLUDE_IN_FRAMEWORK_HEADER = YES;
				CLANG_WARN_RANGE_LOOP_ANALYSIS = YES;
				CLANG_WARN_STRICT_PROTOTYPES = YES;
				CLANG_WARN_SUSPICIOUS_MOVE = YES;
				CLANG_WARN_UNGUARDED_AVAILABILITY = YES_AGGRESSIVE;
				CLANG_WARN_UNREACHABLE_CODE = YES;
				CLANG_WARN__DUPLICATE_METHOD_MATCH = YES;
				COPY_PHASE_STRIP = NO;
				DEBUG_INFORMATION_FORMAT = dwarf;
				ENABLE_STRICT_OBJC_MSGSEND = YES;
				ENABLE_TESTABILITY = YES;
				ENABLE_USER_SCRIPT_SANDBOXING = YES;
				GCC_C_LANGUAGE_STANDARD = gnu17;
				GCC_DYNAMIC_NO_PIC = NO;
				GCC_NO_COMMON_BLOCKS = YES;
				GCC_OPTIMIZATION_LEVEL = 0;
				GCC_PREPROCESSOR_DEFINITIONS = (
					"DEBUG=1",
					"$(inherited)",
				);
				GCC_WARN_64_TO_32_BIT_CONVERSION = YES;
				GCC_WARN_ABOUT_RETURN_TYPE = YES_ERROR;
				GCC_WARN_UNDECLARED_SELECTOR = YES;
				GCC_WARN_UNINITIALIZED_AUTOS = YES_AGGRESSIVE;
				GCC_WARN_UNUSED_FUNCTION = YES;
				GCC_WARN_UNUSED_VARIABLE = YES;
				IPHONEOS_DEPLOYMENT_TARGET = 17.5;
				LOCALIZATION_PREFERS_STRING_CATALOGS = YES;
				MTL_ENABLE_DEBUG_INFO = INCLUDE_SOURCE;
				MTL_FAST_MATH = YES;
				ONLY_ACTIVE_ARCH = YES;
				SDKROOT = iphoneos;
				SWIFT_ACTIVE_COMPILATION_CONDITIONS = "DEBUG $(inherited)";
				SWIFT_OPTIMIZATION_LEVEL = "-Onone";
			};
			name = Debug;
		};
		4A0864D12C7BDCBD00AF0902 /* Release */ = {
			isa = XCBuildConfiguration;
			buildSettings = {
				ALWAYS_SEARCH_USER_PATHS = NO;
				ASSETCATALOG_COMPILER_GENERATE_SWIFT_ASSET_SYMBOL_EXTENSIONS = YES;
				CLANG_ANALYZER_NONNULL = YES;
				CLANG_ANALYZER_NUMBER_OBJECT_CONVERSION = YES_AGGRESSIVE;
				CLANG_CXX_LANGUAGE_STANDARD = "gnu++20";
				CLANG_ENABLE_MODULES = YES;
				CLANG_ENABLE_OBJC_ARC = YES;
				CLANG_ENABLE_OBJC_WEAK = YES;
				CLANG_WARN_BLOCK_CAPTURE_AUTORELEASING = YES;
				CLANG_WARN_BOOL_CONVERSION = YES;
				CLANG_WARN_COMMA = YES;
				CLANG_WARN_CONSTANT_CONVERSION = YES;
				CLANG_WARN_DEPRECATED_OBJC_IMPLEMENTATIONS = YES;
				CLANG_WARN_DIRECT_OBJC_ISA_USAGE = YES_ERROR;
				CLANG_WARN_DOCUMENTATION_COMMENTS = YES;
				CLANG_WARN_EMPTY_BODY = YES;
				CLANG_WARN_ENUM_CONVERSION = YES;
				CLANG_WARN_INFINITE_RECURSION = YES;
				CLANG_WARN_INT_CONVERSION = YES;
				CLANG_WARN_NON_LITERAL_NULL_CONVERSION = YES;
				CLANG_WARN_OBJC_IMPLICIT_RETAIN_SELF = YES;
				CLANG_WARN_OBJC_LITERAL_CONVERSION = YES;
				CLANG_WARN_OBJC_ROOT_CLASS = YES_ERROR;
				CLANG_WARN_QUOTED_INCLUDE_IN_FRAMEWORK_HEADER = YES;
				CLANG_WARN_RANGE_LOOP_ANALYSIS = YES;
				CLANG_WARN_STRICT_PROTOTYPES = YES;
				CLANG_WARN_SUSPICIOUS_MOVE = YES;
				CLANG_WARN_UNGUARDED_AVAILABILITY = YES_AGGRESSIVE;
				CLANG_WARN_UNREACHABLE_CODE = YES;
				CLANG_WARN__DUPLICATE_METHOD_MATCH = YES;
				COPY_PHASE_STRIP = NO;
				DEBUG_INFORMATION_FORMAT = "dwarf-with-dsym";
				ENABLE_NS_ASSERTIONS = NO;
				ENABLE_STRICT_OBJC_MSGSEND = YES;
				ENABLE_USER_SCRIPT_SANDBOXING = YES;
				GCC_C_LANGUAGE_STANDARD = gnu17;
				GCC_NO_COMMON_BLOCKS = YES;
				GCC_WARN_64_TO_32_BIT_CONVERSION = YES;
				GCC_WARN_ABOUT_RETURN_TYPE = YES_ERROR;
				GCC_WARN_UNDECLARED_SELECTOR = YES;
				GCC_WARN_UNINITIALIZED_AUTOS = YES_AGGRESSIVE;
				GCC_WARN_UNUSED_FUNCTION = YES;
				GCC_WARN_UNUSED_VARIABLE = YES;
				IPHONEOS_DEPLOYMENT_TARGET = 17.5;
				LOCALIZATION_PREFERS_STRING_CATALOGS = YES;
				MTL_ENABLE_DEBUG_INFO = NO;
				MTL_FAST_MATH = YES;
				SDKROOT = iphoneos;
				SWIFT_COMPILATION_MODE = wholemodule;
				VALIDATE_PRODUCT = YES;
			};
			name = Release;
		};
		4A0864D32C7BDCBD00AF0902 /* Debug */ = {
			isa = XCBuildConfiguration;
			buildSettings = {
				ASSETCATALOG_COMPILER_APPICON_NAME = AppIcon;
				ASSETCATALOG_COMPILER_GLOBAL_ACCENT_COLOR_NAME = AccentColor;
				CODE_SIGN_STYLE = Automatic;
				CURRENT_PROJECT_VERSION = 1;
				DEVELOPMENT_ASSET_PATHS = "\"Budget App/Preview Content\"";
				DEVELOPMENT_TEAM = 235VR6UC3H;
				ENABLE_PREVIEWS = YES;
				GENERATE_INFOPLIST_FILE = YES;
				INFOPLIST_KEY_UIApplicationSceneManifest_Generation = YES;
				INFOPLIST_KEY_UIApplicationSupportsIndirectInputEvents = YES;
				INFOPLIST_KEY_UILaunchScreen_Generation = YES;
				INFOPLIST_KEY_UISupportedInterfaceOrientations_iPad = "UIInterfaceOrientationPortrait UIInterfaceOrientationPortraitUpsideDown UIInterfaceOrientationLandscapeLeft UIInterfaceOrientationLandscapeRight";
				INFOPLIST_KEY_UISupportedInterfaceOrientations_iPhone = "UIInterfaceOrientationPortrait UIInterfaceOrientationLandscapeLeft UIInterfaceOrientationLandscapeRight";
				LD_RUNPATH_SEARCH_PATHS = (
					"$(inherited)",
					"@executable_path/Frameworks",
				);
				MARKETING_VERSION = 1.0;
				PRODUCT_BUNDLE_IDENTIFIER = "com.saudAnup.Budget-App";
				PRODUCT_NAME = "$(TARGET_NAME)";
				SWIFT_EMIT_LOC_STRINGS = YES;
				SWIFT_VERSION = 5.0;
				TARGETED_DEVICE_FAMILY = "1,2";
			};
			name = Debug;
		};
		4A0864D42C7BDCBD00AF0902 /* Release */ = {
			isa = XCBuildConfiguration;
			buildSettings = {
				ASSETCATALOG_COMPILER_APPICON_NAME = AppIcon;
				ASSETCATALOG_COMPILER_GLOBAL_ACCENT_COLOR_NAME = AccentColor;
				CODE_SIGN_STYLE = Automatic;
				CURRENT_PROJECT_VERSION = 1;
				DEVELOPMENT_ASSET_PATHS = "\"Budget App/Preview Content\"";
				DEVELOPMENT_TEAM = 235VR6UC3H;
				ENABLE_PREVIEWS = YES;
				GENERATE_INFOPLIST_FILE = YES;
				INFOPLIST_KEY_UIApplicationSceneManifest_Generation = YES;
				INFOPLIST_KEY_UIApplicationSupportsIndirectInputEvents = YES;
				INFOPLIST_KEY_UILaunchScreen_Generation = YES;
				INFOPLIST_KEY_UISupportedInterfaceOrientations_iPad = "UIInterfaceOrientationPortrait UIInterfaceOrientationPortraitUpsideDown UIInterfaceOrientationLandscapeLeft UIInterfaceOrientationLandscapeRight";
				INFOPLIST_KEY_UISupportedInterfaceOrientations_iPhone = "UIInterfaceOrientationPortrait UIInterfaceOrientationLandscapeLeft UIInterfaceOrientationLandscapeRight";
				LD_RUNPATH_SEARCH_PATHS = (
					"$(inherited)",
					"@executable_path/Frameworks",
				);
				MARKETING_VERSION = 1.0;
				PRODUCT_BUNDLE_IDENTIFIER = "com.saudAnup.Budget-App";
				PRODUCT_NAME = "$(TARGET_NAME)";
				SWIFT_EMIT_LOC_STRINGS = YES;
				SWIFT_VERSION = 5.0;
				TARGETED_DEVICE_FAMILY = "1,2";
			};
			name = Release;
		};
/* End XCBuildConfiguration section */

/* Begin XCConfigurationList section */
		4A0864BF2C7BDCBC00AF0902 /* Build configuration list for PBXProject "Budget App" */ = {
			isa = XCConfigurationList;
			buildConfigurations = (
				4A0864D02C7BDCBD00AF0902 /* Debug */,
				4A0864D12C7BDCBD00AF0902 /* Release */,
			);
			defaultConfigurationIsVisible = 0;
			defaultConfigurationName = Release;
		};
		4A0864D22C7BDCBD00AF0902 /* Build configuration list for PBXNativeTarget "Budget App" */ = {
			isa = XCConfigurationList;
			buildConfigurations = (
				4A0864D32C7BDCBD00AF0902 /* Debug */,
				4A0864D42C7BDCBD00AF0902 /* Release */,
			);
			defaultConfigurationIsVisible = 0;
			defaultConfigurationName = Release;
		};
/* End XCConfigurationList section */

/* Begin XCVersionGroup section */
		4AACC3BB2C92282D0036700A /* BudgetAppModel.xcdatamodeld */ = {
			isa = XCVersionGroup;
			children = (
				4AACC3BC2C92282D0036700A /* BudgetAppModel.xcdatamodel */,
			);
			currentVersion = 4AACC3BC2C92282D0036700A /* BudgetAppModel.xcdatamodel */;
			name = BudgetAppModel.xcdatamodeld;
			path = "/Users/anupsaud/Desktop/iOS Development/Budget App/Budget App/BudgetAppModel.xcdatamodeld";
			sourceTree = "<group>";
			versionGroupType = wrapper.xcdatamodel;
		};
/* End XCVersionGroup section */
	};
	rootObject = 4A0864BC2C7BDCBC00AF0902 /* Project object */;
}
